// !$*UTF8*$!
{
	archiveVersion = 1;
	classes = {
	};
	objectVersion = 50;
	objects = {

/* Begin PBXBuildFile section */
		F56E2C1720BADEEE004D6B4E /* AppDelegate.m in Sources */ = {isa = PBXBuildFile; fileRef = F56E2C1620BADEEE004D6B4E /* AppDelegate.m */; };
		F56E2C1A20BADEEE004D6B4E /* ViewController.m in Sources */ = {isa = PBXBuildFile; fileRef = F56E2C1920BADEEE004D6B4E /* ViewController.m */; };
		F56E2C1D20BADEEE004D6B4E /* Main.storyboard in Resources */ = {isa = PBXBuildFile; fileRef = F56E2C1B20BADEEE004D6B4E /* Main.storyboard */; };
		F56E2C1F20BADEF0004D6B4E /* Assets.xcassets in Resources */ = {isa = PBXBuildFile; fileRef = F56E2C1E20BADEF0004D6B4E /* Assets.xcassets */; };
		F56E2C2220BADEF0004D6B4E /* LaunchScreen.storyboard in Resources */ = {isa = PBXBuildFile; fileRef = F56E2C2020BADEF0004D6B4E /* LaunchScreen.storyboard */; };
		F56E2C2520BADEF0004D6B4E /* main.m in Sources */ = {isa = PBXBuildFile; fileRef = F56E2C2420BADEF0004D6B4E /* main.m */; };
/* End PBXBuildFile section */

/* Begin PBXFileReference section */
		F56E2C1220BADEEE004D6B4E /* Tutorials.app */ = {isa = PBXFileReference; explicitFileType = wrapper.application; includeInIndex = 0; path = Tutorials.app; sourceTree = BUILT_PRODUCTS_DIR; };
		F56E2C1520BADEEE004D6B4E /* AppDelegate.h */ = {isa = PBXFileReference; lastKnownFileType = sourcecode.c.h; path = AppDelegate.h; sourceTree = "<group>"; };
		F56E2C1620BADEEE004D6B4E /* AppDelegate.m */ = {isa = PBXFileReference; lastKnownFileType = sourcecode.c.objc; path = AppDelegate.m; sourceTree = "<group>"; };
		F56E2C1820BADEEE004D6B4E /* ViewController.h */ = {isa = PBXFileReference; lastKnownFileType = sourcecode.c.h; path = ViewController.h; sourceTree = "<group>"; };
		F56E2C1920BADEEE004D6B4E /* ViewController.m */ = {isa = PBXFileReference; lastKnownFileType = sourcecode.c.objc; path = ViewController.m; sourceTree = "<group>"; };
		F56E2C1C20BADEEE004D6B4E /* Base */ = {isa = PBXFileReference; lastKnownFileType = file.storyboard; name = Base; path = Base.lproj/Main.storyboard; sourceTree = "<group>"; };
		F56E2C1E20BADEF0004D6B4E /* Assets.xcassets */ = {isa = PBXFileReference; lastKnownFileType = folder.assetcatalog; path = Assets.xcassets; sourceTree = "<group>"; };
		F56E2C2120BADEF0004D6B4E /* Base */ = {isa = PBXFileReference; lastKnownFileType = file.storyboard; name = Base; path = Base.lproj/LaunchScreen.storyboard; sourceTree = "<group>"; };
		F56E2C2320BADEF0004D6B4E /* Info.plist */ = {isa = PBXFileReference; lastKnownFileType = text.plist.xml; path = Info.plist; sourceTree = "<group>"; };
		F56E2C2420BADEF0004D6B4E /* main.m */ = {isa = PBXFileReference; lastKnownFileType = sourcecode.c.objc; path = main.m; sourceTree = "<group>"; };
/* End PBXFileReference section */

/* Begin PBXFrameworksBuildPhase section */
		F56E2C0F20BADEEE004D6B4E /* Frameworks */ = {
			isa = PBXFrameworksBuildPhase;
			buildActionMask = 2147483647;
			files = (
			);
			runOnlyForDeploymentPostprocessing = 0;
		};
/* End PBXFrameworksBuildPhase section */

/* Begin PBXGroup section */
		F56E2C0920BADEEE004D6B4E = {
			isa = PBXGroup;
			children = (
				F56E2C1420BADEEE004D6B4E /* Tutorials */,
				F56E2C1320BADEEE004D6B4E /* Products */,
			);
			sourceTree = "<group>";
		};
		F56E2C1320BADEEE004D6B4E /* Products */ = {
			isa = PBXGroup;
			children = (
				F56E2C1220BADEEE004D6B4E /* Tutorials.app */,
			);
			name = Products;
			sourceTree = "<group>";
		};
		F56E2C1420BADEEE004D6B4E /* Tutorials */ = {
			isa = PBXGroup;
			children = (
				F56E2C1520BADEEE004D6B4E /* AppDelegate.h */,
				F56E2C1620BADEEE004D6B4E /* AppDelegate.m */,
				F56E2C1820BADEEE004D6B4E /* ViewController.h */,
				F56E2C1920BADEEE004D6B4E /* ViewController.m */,
				F56E2C1B20BADEEE004D6B4E /* Main.storyboard */,
				F56E2C1E20BADEF0004D6B4E /* Assets.xcassets */,
				F56E2C2020BADEF0004D6B4E /* LaunchScreen.storyboard */,
				F56E2C2320BADEF0004D6B4E /* Info.plist */,
				F56E2C2420BADEF0004D6B4E /* main.m */,
			);
			path = Tutorials;
			sourceTree = "<group>";
		};
/* End PBXGroup section */

/* Begin PBXNativeTarget section */
		F56E2C1120BADEEE004D6B4E /* Tutorials */ = {
			isa = PBXNativeTarget;
			buildConfigurationList = F56E2C2820BADEF0004D6B4E /* Build configuration list for PBXNativeTarget "Tutorials" */;
			buildPhases = (
				F56E2C0E20BADEEE004D6B4E /* Sources */,
				F56E2C0F20BADEEE004D6B4E /* Frameworks */,
				F56E2C1020BADEEE004D6B4E /* Resources */,
			);
			buildRules = (
			);
			dependencies = (
			);
			name = Tutorials;
			productName = Tutorials;
			productReference = F56E2C1220BADEEE004D6B4E /* Tutorials.app */;
			productType = "com.apple.product-type.application";
		};
/* End PBXNativeTarget section */

/* Begin PBXProject section */
		F56E2C0A20BADEEE004D6B4E /* Project object */ = {
			isa = PBXProject;
			attributes = {
				LastUpgradeCheck = 0930;
				ORGANIZATIONNAME = NeonatCore;
				TargetAttributes = {
					F56E2C1120BADEEE004D6B4E = {
						CreatedOnToolsVersion = 9.3;
					};
				};
			};
			buildConfigurationList = F56E2C0D20BADEEE004D6B4E /* Build configuration list for PBXProject "Tutorials" */;
			compatibilityVersion = "Xcode 9.3";
			developmentRegion = en;
			hasScannedForEncodings = 0;
			knownRegions = (
				en,
				Base,
			);
			mainGroup = F56E2C0920BADEEE004D6B4E;
			productRefGroup = F56E2C1320BADEEE004D6B4E /* Products */;
			projectDirPath = "";
			projectRoot = "";
			targets = (
				F56E2C1120BADEEE004D6B4E /* Tutorials */,
			);
		};
/* End PBXProject section */

/* Begin PBXResourcesBuildPhase section */
		F56E2C1020BADEEE004D6B4E /* Resources */ = {
			isa = PBXResourcesBuildPhase;
			buildActionMask = 2147483647;
			files = (
				F56E2C2220BADEF0004D6B4E /* LaunchScreen.storyboard in Resources */,
				F56E2C1F20BADEF0004D6B4E /* Assets.xcassets in Resources */,
				F56E2C1D20BADEEE004D6B4E /* Main.storyboard in Resources */,
			);
			runOnlyForDeploymentPostprocessing = 0;
		};
/* End PBXResourcesBuildPhase section */

/* Begin PBXSourcesBuildPhase section */
		F56E2C0E20BADEEE004D6B4E /* Sources */ = {
			isa = PBXSourcesBuildPhase;
			buildActionMask = 2147483647;
			files = (
				F56E2C1A20BADEEE004D6B4E /* ViewController.m in Sources */,
				F56E2C2520BADEF0004D6B4E /* main.m in Sources */,
				F56E2C1720BADEEE004D6B4E /* AppDelegate.m in Sources */,
			);
			runOnlyForDeploymentPostprocessing = 0;
		};
/* End PBXSourcesBuildPhase section */

/* Begin PBXVariantGroup section */
		F56E2C1B20BADEEE004D6B4E /* Main.storyboard */ = {
			isa = PBXVariantGroup;
			children = (
				F56E2C1C20BADEEE004D6B4E /* Base */,
			);
			name = Main.storyboard;
			sourceTree = "<group>";
		};
		F56E2C2020BADEF0004D6B4E /* LaunchScreen.storyboard */ = {
			isa = PBXVariantGroup;
			children = (
				F56E2C2120BADEF0004D6B4E /* Base */,
			);
			name = LaunchScreen.storyboard;
			sourceTree = "<group>";
		};
/* End PBXVariantGroup section */

/* Begin XCBuildConfiguration section */
		F56E2C2620BADEF0004D6B4E /* Debug */ = {
			isa = XCBuildConfiguration;
			buildSettings = {
				ALWAYS_SEARCH_USER_PATHS = NO;
				CLANG_ANALYZER_NONNULL = YES;
				CLANG_ANALYZER_NUMBER_OBJECT_CONVERSION = YES_AGGRESSIVE;
				CLANG_CXX_LANGUAGE_STANDARD = "gnu++14";
				CLANG_CXX_LIBRARY = "libc++";
				CLANG_ENABLE_MODULES = YES;
				CLANG_ENABLE_OBJC_ARC = YES;
				CLANG_ENABLE_OBJC_WEAK = YES;
				CLANG_WARN_BLOCK_CAPTURE_AUTORELEASING = YES;
				CLANG_WARN_BOOL_CONVERSION = YES;
				CLANG_WARN_COMMA = YES;
				CLANG_WARN_CONSTANT_CONVERSION = YES;
				CLANG_WARN_DEPRECATED_OBJC_IMPLEMENTATIONS = YES;
				CLANG_WARN_DIRECT_OBJC_ISA_USAGE = YES_ERROR;
				CLANG_WARN_DOCUMENTATION_COMMENTS = YES;
				CLANG_WARN_EMPTY_BODY = YES;
				CLANG_WARN_ENUM_CONVERSION = YES;
				CLANG_WARN_INFINITE_RECURSION = YES;
				CLANG_WARN_INT_CONVERSION = YES;
				CLANG_WARN_NON_LITERAL_NULL_CONVERSION = YES;
				CLANG_WARN_OBJC_IMPLICIT_RETAIN_SELF = YES;
				CLANG_WARN_OBJC_LITERAL_CONVERSION = YES;
				CLANG_WARN_OBJC_ROOT_CLASS = YES_ERROR;
				CLANG_WARN_RANGE_LOOP_ANALYSIS = YES;
				CLANG_WARN_STRICT_PROTOTYPES = YES;
				CLANG_WARN_SUSPICIOUS_MOVE = YES;
				CLANG_WARN_UNGUARDED_AVAILABILITY = YES_AGGRESSIVE;
				CLANG_WARN_UNREACHABLE_CODE = YES;
				CLANG_WARN__DUPLICATE_METHOD_MATCH = YES;
				CODE_SIGN_IDENTITY = "iPhone Developer";
				COPY_PHASE_STRIP = NO;
				DEBUG_INFORMATION_FORMAT = dwarf;
				ENABLE_STRICT_OBJC_MSGSEND = YES;
				ENABLE_TESTABILITY = YES;
				GCC_C_LANGUAGE_STANDARD = gnu11;
				GCC_DYNAMIC_NO_PIC = NO;
				GCC_NO_COMMON_BLOCKS = YES;
				GCC_OPTIMIZATION_LEVEL = 0;
				GCC_PREPROCESSOR_DEFINITIONS = (
					"DEBUG=1",
					"$(inherited)",
				);
				GCC_WARN_64_TO_32_BIT_CONVERSION = YES;
				GCC_WARN_ABOUT_RETURN_TYPE = YES_ERROR;
				GCC_WARN_UNDECLARED_SELECTOR = YES;
				GCC_WARN_UNINITIALIZED_AUTOS = YES_AGGRESSIVE;
				GCC_WARN_UNUSED_FUNCTION = YES;
				GCC_WARN_UNUSED_VARIABLE = YES;
				IPHONEOS_DEPLOYMENT_TARGET = 11.3;
				MTL_ENABLE_DEBUG_INFO = YES;
				ONLY_ACTIVE_ARCH = YES;
				SDKROOT = iphoneos;
			};
			name = Debug;
		};
		F56E2C2720BADEF0004D6B4E /* Release */ = {
			isa = XCBuildConfiguration;
			buildSettings = {
				ALWAYS_SEARCH_USER_PATHS = NO;
				CLANG_ANALYZER_NONNULL = YES;
				CLANG_ANALYZER_NUMBER_OBJECT_CONVERSION = YES_AGGRESSIVE;
				CLANG_CXX_LANGUAGE_STANDARD = "gnu++14";
				CLANG_CXX_LIBRARY = "libc++";
				CLANG_ENABLE_MODULES = YES;
				CLANG_ENABLE_OBJC_ARC = YES;
				CLANG_ENABLE_OBJC_WEAK = YES;
				CLANG_WARN_BLOCK_CAPTURE_AUTORELEASING = YES;
				CLANG_WARN_BOOL_CONVERSION = YES;
				CLANG_WARN_COMMA = YES;
				CLANG_WARN_CONSTANT_CONVERSION = YES;
				CLANG_WARN_DEPRECATED_OBJC_IMPLEMENTATIONS = YES;
				CLANG_WARN_DIRECT_OBJC_ISA_USAGE = YES_ERROR;
				CLANG_WARN_DOCUMENTATION_COMMENTS = YES;
				CLANG_WARN_EMPTY_BODY = YES;
				CLANG_WARN_ENUM_CONVERSION = YES;
				CLANG_WARN_INFINITE_RECURSION = YES;
				CLANG_WARN_INT_CONVERSION = YES;
				CLANG_WARN_NON_LITERAL_NULL_CONVERSION = YES;
				CLANG_WARN_OBJC_IMPLICIT_RETAIN_SELF = YES;
				CLANG_WARN_OBJC_LITERAL_CONVERSION = YES;
				CLANG_WARN_OBJC_ROOT_CLASS = YES_ERROR;
				CLANG_WARN_RANGE_LOOP_ANALYSIS = YES;
				CLANG_WARN_STRICT_PROTOTYPES = YES;
				CLANG_WARN_SUSPICIOUS_MOVE = YES;
				CLANG_WARN_UNGUARDED_AVAILABILITY = YES_AGGRESSIVE;
				CLANG_WARN_UNREACHABLE_CODE = YES;
				CLANG_WARN__DUPLICATE_METHOD_MATCH = YES;
				CODE_SIGN_IDENTITY = "iPhone Developer";
				COPY_PHASE_STRIP = NO;
				DEBUG_INFORMATION_FORMAT = "dwarf-with-dsym";
				ENABLE_NS_ASSERTIONS = NO;
				ENABLE_STRICT_OBJC_MSGSEND = YES;
				GCC_C_LANGUAGE_STANDARD = gnu11;
				GCC_NO_COMMON_BLOCKS = YES;
				GCC_WARN_64_TO_32_BIT_CONVERSION = YES;
				GCC_WARN_ABOUT_RETURN_TYPE = YES_ERROR;
				GCC_WARN_UNDECLARED_SELECTOR = YES;
				GCC_WARN_UNINITIALIZED_AUTOS = YES_AGGRESSIVE;
				GCC_WARN_UNUSED_FUNCTION = YES;
				GCC_WARN_UNUSED_VARIABLE = YES;
				IPHONEOS_DEPLOYMENT_TARGET = 11.3;
				MTL_ENABLE_DEBUG_INFO = NO;
				SDKROOT = iphoneos;
				VALIDATE_PRODUCT = YES;
			};
			name = Release;
		};
		F56E2C2920BADEF0004D6B4E /* Debug */ = {
			isa = XCBuildConfiguration;
			buildSettings = {
				ASSETCATALOG_COMPILER_APPICON_NAME = AppIcon;
				CODE_SIGN_STYLE = Automatic;
				DEVELOPMENT_TEAM = Y2M3TGJYMN;
				INFOPLIST_FILE = Tutorials/Info.plist;
				LD_RUNPATH_SEARCH_PATHS = (
					"$(inherited)",
					"@executable_path/Frameworks",
				);
				PRODUCT_BUNDLE_IDENTIFIER = com.neonatcore.Tutorials;
				PRODUCT_NAME = "$(TARGET_NAME)";
				TARGETED_DEVICE_FAMILY = "1,2";
			};
			name = Debug;
		};
		F56E2C2A20BADEF0004D6B4E /* Release */ = {
			isa = XCBuildConfiguration;
			buildSettings = {
				ASSETCATALOG_COMPILER_APPICON_NAME = AppIcon;
				CODE_SIGN_STYLE = Automatic;
				DEVELOPMENT_TEAM = Y2M3TGJYMN;
				INFOPLIST_FILE = Tutorials/Info.plist;
				LD_RUNPATH_SEARCH_PATHS = (
					"$(inherited)",
					"@executable_path/Frameworks",
				);
				PRODUCT_BUNDLE_IDENTIFIER = com.neonatcore.Tutorials;
				PRODUCT_NAME = "$(TARGET_NAME)";
				TARGETED_DEVICE_FAMILY = "1,2";
			};
			name = Release;
		};
/* End XCBuildConfiguration section */

/* Begin XCConfigurationList section */
		F56E2C0D20BADEEE004D6B4E /* Build configuration list for PBXProject "Tutorials" */ = {
			isa = XCConfigurationList;
			buildConfigurations = (
				F56E2C2620BADEF0004D6B4E /* Debug */,
				F56E2C2720BADEF0004D6B4E /* Release */,
			);
			defaultConfigurationIsVisible = 0;
			defaultConfigurationName = Release;
		};
		F56E2C2820BADEF0004D6B4E /* Build configuration list for PBXNativeTarget "Tutorials" */ = {
			isa = XCConfigurationList;
			buildConfigurations = (
				F56E2C2920BADEF0004D6B4E /* Debug */,
				F56E2C2A20BADEF0004D6B4E /* Release */,
			);
			defaultConfigurationIsVisible = 0;
			defaultConfigurationName = Release;
		};
/* End XCConfigurationList section */
	};
	rootObject = F56E2C0A20BADEEE004D6B4E /* Project object */;
}
